// !$*UTF8*$!
{
	archiveVersion = 1;
	classes = {
	};
	objectVersion = 50;
	objects = {

/* Begin PBXBuildFile section */
		1BABA3C321DD7EEA0044F4C9 /* Extensions.swift in Sources */ = {isa = PBXBuildFile; fileRef = 1BABA3C221DD7EEA0044F4C9 /* Extensions.swift */; };
		1BF48C6521DBF2AB006D80AD /* AppDelegate.swift in Sources */ = {isa = PBXBuildFile; fileRef = 1BF48C6421DBF2AB006D80AD /* AppDelegate.swift */; };
		1BF48C6A21DBF2AB006D80AD /* Main.storyboard in Resources */ = {isa = PBXBuildFile; fileRef = 1BF48C6821DBF2AB006D80AD /* Main.storyboard */; };
		1BF48C6C21DBF2AC006D80AD /* Assets.xcassets in Resources */ = {isa = PBXBuildFile; fileRef = 1BF48C6B21DBF2AC006D80AD /* Assets.xcassets */; };
		1BF48C6F21DBF2AC006D80AD /* LaunchScreen.storyboard in Resources */ = {isa = PBXBuildFile; fileRef = 1BF48C6D21DBF2AC006D80AD /* LaunchScreen.storyboard */; };
		1BF48C7921DBF2BC006D80AD /* CloudKit.framework in Frameworks */ = {isa = PBXBuildFile; fileRef = 1BF48C7821DBF2BC006D80AD /* CloudKit.framework */; };
		1BF48C7E21DBF376006D80AD /* PostListTableViewController.swift in Sources */ = {isa = PBXBuildFile; fileRef = 1BF48C7D21DBF376006D80AD /* PostListTableViewController.swift */; };
		1BF48C8021DBF3DD006D80AD /* PostDetailTableViewController.swift in Sources */ = {isa = PBXBuildFile; fileRef = 1BF48C7F21DBF3DD006D80AD /* PostDetailTableViewController.swift */; };
		1BF48C8221DBF422006D80AD /* AddPostTableViewController.swift in Sources */ = {isa = PBXBuildFile; fileRef = 1BF48C8121DBF422006D80AD /* AddPostTableViewController.swift */; };
		1BF48C8521DBF670006D80AD /* Post.swift in Sources */ = {isa = PBXBuildFile; fileRef = 1BF48C8421DBF670006D80AD /* Post.swift */; };
		1BF48C8721DBF8A7006D80AD /* Comment.swift in Sources */ = {isa = PBXBuildFile; fileRef = 1BF48C8621DBF8A7006D80AD /* Comment.swift */; };
		1BF48C8A21DC05CA006D80AD /* PostController.swift in Sources */ = {isa = PBXBuildFile; fileRef = 1BF48C8921DC05CA006D80AD /* PostController.swift */; };
		1BF48C8C21DC1101006D80AD /* PostTableViewCell.swift in Sources */ = {isa = PBXBuildFile; fileRef = 1BF48C8B21DC1101006D80AD /* PostTableViewCell.swift */; };
		1BF48C8F21DC59B3006D80AD /* SearchableRecord.swift in Sources */ = {isa = PBXBuildFile; fileRef = 1BF48C8E21DC59B3006D80AD /* SearchableRecord.swift */; };
		1BF87D5C21DC6F20009D92EB /* PhotoSelectViewController.swift in Sources */ = {isa = PBXBuildFile; fileRef = 1BF87D5B21DC6F20009D92EB /* PhotoSelectViewController.swift */; };
/* End PBXBuildFile section */

/* Begin PBXFileReference section */
		1BABA3C221DD7EEA0044F4C9 /* Extensions.swift */ = {isa = PBXFileReference; lastKnownFileType = sourcecode.swift; path = Extensions.swift; sourceTree = "<group>"; };
		1BF48C6121DBF2AB006D80AD /* Continuum.app */ = {isa = PBXFileReference; explicitFileType = wrapper.application; includeInIndex = 0; path = Continuum.app; sourceTree = BUILT_PRODUCTS_DIR; };
		1BF48C6421DBF2AB006D80AD /* AppDelegate.swift */ = {isa = PBXFileReference; lastKnownFileType = sourcecode.swift; path = AppDelegate.swift; sourceTree = "<group>"; };
		1BF48C6921DBF2AB006D80AD /* Base */ = {isa = PBXFileReference; lastKnownFileType = file.storyboard; name = Base; path = Base.lproj/Main.storyboard; sourceTree = "<group>"; };
		1BF48C6B21DBF2AC006D80AD /* Assets.xcassets */ = {isa = PBXFileReference; lastKnownFileType = folder.assetcatalog; path = Assets.xcassets; sourceTree = "<group>"; };
		1BF48C6E21DBF2AC006D80AD /* Base */ = {isa = PBXFileReference; lastKnownFileType = file.storyboard; name = Base; path = Base.lproj/LaunchScreen.storyboard; sourceTree = "<group>"; };
		1BF48C7021DBF2AC006D80AD /* Info.plist */ = {isa = PBXFileReference; lastKnownFileType = text.plist.xml; path = Info.plist; sourceTree = "<group>"; };
		1BF48C7621DBF2BB006D80AD /* Continuum.entitlements */ = {isa = PBXFileReference; lastKnownFileType = text.plist.entitlements; path = Continuum.entitlements; sourceTree = "<group>"; };
		1BF48C7821DBF2BC006D80AD /* CloudKit.framework */ = {isa = PBXFileReference; lastKnownFileType = wrapper.framework; name = CloudKit.framework; path = System/Library/Frameworks/CloudKit.framework; sourceTree = SDKROOT; };
		1BF48C7D21DBF376006D80AD /* PostListTableViewController.swift */ = {isa = PBXFileReference; lastKnownFileType = sourcecode.swift; path = PostListTableViewController.swift; sourceTree = "<group>"; };
		1BF48C7F21DBF3DD006D80AD /* PostDetailTableViewController.swift */ = {isa = PBXFileReference; lastKnownFileType = sourcecode.swift; path = PostDetailTableViewController.swift; sourceTree = "<group>"; };
		1BF48C8121DBF422006D80AD /* AddPostTableViewController.swift */ = {isa = PBXFileReference; lastKnownFileType = sourcecode.swift; path = AddPostTableViewController.swift; sourceTree = "<group>"; };
		1BF48C8421DBF670006D80AD /* Post.swift */ = {isa = PBXFileReference; lastKnownFileType = sourcecode.swift; path = Post.swift; sourceTree = "<group>"; };
		1BF48C8621DBF8A7006D80AD /* Comment.swift */ = {isa = PBXFileReference; lastKnownFileType = sourcecode.swift; path = Comment.swift; sourceTree = "<group>"; };
		1BF48C8921DC05CA006D80AD /* PostController.swift */ = {isa = PBXFileReference; lastKnownFileType = sourcecode.swift; path = PostController.swift; sourceTree = "<group>"; };
		1BF48C8B21DC1101006D80AD /* PostTableViewCell.swift */ = {isa = PBXFileReference; lastKnownFileType = sourcecode.swift; path = PostTableViewCell.swift; sourceTree = "<group>"; };
		1BF48C8E21DC59B3006D80AD /* SearchableRecord.swift */ = {isa = PBXFileReference; lastKnownFileType = sourcecode.swift; path = SearchableRecord.swift; sourceTree = "<group>"; };
		1BF87D5B21DC6F20009D92EB /* PhotoSelectViewController.swift */ = {isa = PBXFileReference; lastKnownFileType = sourcecode.swift; path = PhotoSelectViewController.swift; sourceTree = "<group>"; };
/* End PBXFileReference section */

/* Begin PBXFrameworksBuildPhase section */
		1BF48C5E21DBF2AB006D80AD /* Frameworks */ = {
			isa = PBXFrameworksBuildPhase;
			buildActionMask = 2147483647;
			files = (
				1BF48C7921DBF2BC006D80AD /* CloudKit.framework in Frameworks */,
			);
			runOnlyForDeploymentPostprocessing = 0;
		};
/* End PBXFrameworksBuildPhase section */

/* Begin PBXGroup section */
		1BABA3C121DD7EDF0044F4C9 /* Extensions */ = {
			isa = PBXGroup;
			children = (
				1BABA3C221DD7EEA0044F4C9 /* Extensions.swift */,
			);
			path = Extensions;
			sourceTree = "<group>";
		};
		1BF48C5821DBF2AB006D80AD = {
			isa = PBXGroup;
			children = (
				1BF48C6321DBF2AB006D80AD /* Continuum */,
				1BF48C6221DBF2AB006D80AD /* Products */,
				1BF48C7721DBF2BC006D80AD /* Frameworks */,
			);
			sourceTree = "<group>";
		};
		1BF48C6221DBF2AB006D80AD /* Products */ = {
			isa = PBXGroup;
			children = (
				1BF48C6121DBF2AB006D80AD /* Continuum.app */,
			);
			name = Products;
			sourceTree = "<group>";
		};
		1BF48C6321DBF2AB006D80AD /* Continuum */ = {
			isa = PBXGroup;
			children = (
				1BABA3C121DD7EDF0044F4C9 /* Extensions */,
				1BF48C8321DBF666006D80AD /* Models */,
				1BF48C8821DC05B8006D80AD /* Model Controllers */,
				1BF48C7C21DBF366006D80AD /* View Controllers */,
				1BF48C8D21DC15DA006D80AD /* Views */,
				1BF48C7B21DBF2E6006D80AD /* UI */,
				1BF48C7A21DBF2DC006D80AD /* Resources */,
			);
			path = Continuum;
			sourceTree = "<group>";
		};
		1BF48C7721DBF2BC006D80AD /* Frameworks */ = {
			isa = PBXGroup;
			children = (
				1BF48C7821DBF2BC006D80AD /* CloudKit.framework */,
			);
			name = Frameworks;
			sourceTree = "<group>";
		};
		1BF48C7A21DBF2DC006D80AD /* Resources */ = {
			isa = PBXGroup;
			children = (
				1BF48C7621DBF2BB006D80AD /* Continuum.entitlements */,
				1BF48C6421DBF2AB006D80AD /* AppDelegate.swift */,
				1BF48C6B21DBF2AC006D80AD /* Assets.xcassets */,
				1BF48C7021DBF2AC006D80AD /* Info.plist */,
			);
			path = Resources;
			sourceTree = "<group>";
		};
		1BF48C7B21DBF2E6006D80AD /* UI */ = {
			isa = PBXGroup;
			children = (
				1BF48C6821DBF2AB006D80AD /* Main.storyboard */,
				1BF48C6D21DBF2AC006D80AD /* LaunchScreen.storyboard */,
			);
			path = UI;
			sourceTree = "<group>";
		};
		1BF48C7C21DBF366006D80AD /* View Controllers */ = {
			isa = PBXGroup;
			children = (
				1BF48C7D21DBF376006D80AD /* PostListTableViewController.swift */,
				1BF48C7F21DBF3DD006D80AD /* PostDetailTableViewController.swift */,
				1BF48C8121DBF422006D80AD /* AddPostTableViewController.swift */,
				1BF87D5B21DC6F20009D92EB /* PhotoSelectViewController.swift */,
			);
			path = "View Controllers";
			sourceTree = "<group>";
		};
		1BF48C8321DBF666006D80AD /* Models */ = {
			isa = PBXGroup;
			children = (
				1BF48C8421DBF670006D80AD /* Post.swift */,
				1BF48C8621DBF8A7006D80AD /* Comment.swift */,
				1BF48C8E21DC59B3006D80AD /* SearchableRecord.swift */,
			);
			path = Models;
			sourceTree = "<group>";
		};
		1BF48C8821DC05B8006D80AD /* Model Controllers */ = {
			isa = PBXGroup;
			children = (
				1BF48C8921DC05CA006D80AD /* PostController.swift */,
			);
			path = "Model Controllers";
			sourceTree = "<group>";
		};
		1BF48C8D21DC15DA006D80AD /* Views */ = {
			isa = PBXGroup;
			children = (
				1BF48C8B21DC1101006D80AD /* PostTableViewCell.swift */,
			);
			path = Views;
			sourceTree = "<group>";
		};
/* End PBXGroup section */

/* Begin PBXNativeTarget section */
		1BF48C6021DBF2AB006D80AD /* Continuum */ = {
			isa = PBXNativeTarget;
			buildConfigurationList = 1BF48C7321DBF2AC006D80AD /* Build configuration list for PBXNativeTarget "Continuum" */;
			buildPhases = (
				1BF48C5D21DBF2AB006D80AD /* Sources */,
				1BF48C5E21DBF2AB006D80AD /* Frameworks */,
				1BF48C5F21DBF2AB006D80AD /* Resources */,
			);
			buildRules = (
			);
			dependencies = (
			);
			name = Continuum;
			productName = Continuum;
			productReference = 1BF48C6121DBF2AB006D80AD /* Continuum.app */;
			productType = "com.apple.product-type.application";
		};
/* End PBXNativeTarget section */

/* Begin PBXProject section */
		1BF48C5921DBF2AB006D80AD /* Project object */ = {
			isa = PBXProject;
			attributes = {
				LastSwiftUpdateCheck = 1010;
				LastUpgradeCheck = 1010;
				ORGANIZATIONNAME = "Steve Lederer";
				TargetAttributes = {
					1BF48C6021DBF2AB006D80AD = {
						CreatedOnToolsVersion = 10.1;
						SystemCapabilities = {
							com.apple.BackgroundModes = {
								enabled = 0;
							};
							com.apple.Push = {
								enabled = 1;
							};
							com.apple.iCloud = {
								enabled = 1;
							};
						};
					};
				};
			};
			buildConfigurationList = 1BF48C5C21DBF2AB006D80AD /* Build configuration list for PBXProject "Continuum" */;
			compatibilityVersion = "Xcode 9.3";
			developmentRegion = en;
			hasScannedForEncodings = 0;
			knownRegions = (
				en,
				Base,
			);
			mainGroup = 1BF48C5821DBF2AB006D80AD;
			productRefGroup = 1BF48C6221DBF2AB006D80AD /* Products */;
			projectDirPath = "";
			projectRoot = "";
			targets = (
				1BF48C6021DBF2AB006D80AD /* Continuum */,
			);
		};
/* End PBXProject section */

/* Begin PBXResourcesBuildPhase section */
		1BF48C5F21DBF2AB006D80AD /* Resources */ = {
			isa = PBXResourcesBuildPhase;
			buildActionMask = 2147483647;
			files = (
				1BF48C6F21DBF2AC006D80AD /* LaunchScreen.storyboard in Resources */,
				1BF48C6C21DBF2AC006D80AD /* Assets.xcassets in Resources */,
				1BF48C6A21DBF2AB006D80AD /* Main.storyboard in Resources */,
			);
			runOnlyForDeploymentPostprocessing = 0;
		};
/* End PBXResourcesBuildPhase section */

/* Begin PBXSourcesBuildPhase section */
		1BF48C5D21DBF2AB006D80AD /* Sources */ = {
			isa = PBXSourcesBuildPhase;
			buildActionMask = 2147483647;
			files = (
				1BF48C6521DBF2AB006D80AD /* AppDelegate.swift in Sources */,
				1BF48C8721DBF8A7006D80AD /* Comment.swift in Sources */,
				1BF48C8F21DC59B3006D80AD /* SearchableRecord.swift in Sources */,
				1BF48C7E21DBF376006D80AD /* PostListTableViewController.swift in Sources */,
				1BF48C8C21DC1101006D80AD /* PostTableViewCell.swift in Sources */,
				1BF48C8221DBF422006D80AD /* AddPostTableViewController.swift in Sources */,
				1BF48C8A21DC05CA006D80AD /* PostController.swift in Sources */,
				1BF87D5C21DC6F20009D92EB /* PhotoSelectViewController.swift in Sources */,
				1BF48C8021DBF3DD006D80AD /* PostDetailTableViewController.swift in Sources */,
				1BABA3C321DD7EEA0044F4C9 /* Extensions.swift in Sources */,
				1BF48C8521DBF670006D80AD /* Post.swift in Sources */,
			);
			runOnlyForDeploymentPostprocessing = 0;
		};
/* End PBXSourcesBuildPhase section */

/* Begin PBXVariantGroup section */
		1BF48C6821DBF2AB006D80AD /* Main.storyboard */ = {
			isa = PBXVariantGroup;
			children = (
				1BF48C6921DBF2AB006D80AD /* Base */,
			);
			name = Main.storyboard;
			sourceTree = "<group>";
		};
		1BF48C6D21DBF2AC006D80AD /* LaunchScreen.storyboard */ = {
			isa = PBXVariantGroup;
			children = (
				1BF48C6E21DBF2AC006D80AD /* Base */,
			);
			name = LaunchScreen.storyboard;
			sourceTree = "<group>";
		};
/* End PBXVariantGroup section */

/* Begin XCBuildConfiguration section */
		1BF48C7121DBF2AC006D80AD /* Debug */ = {
			isa = XCBuildConfiguration;
			buildSettings = {
				ALWAYS_SEARCH_USER_PATHS = NO;
				CLANG_ANALYZER_NONNULL = YES;
				CLANG_ANALYZER_NUMBER_OBJECT_CONVERSION = YES_AGGRESSIVE;
				CLANG_CXX_LANGUAGE_STANDARD = "gnu++14";
				CLANG_CXX_LIBRARY = "libc++";
				CLANG_ENABLE_MODULES = YES;
				CLANG_ENABLE_OBJC_ARC = YES;
				CLANG_ENABLE_OBJC_WEAK = YES;
				CLANG_WARN_BLOCK_CAPTURE_AUTORELEASING = YES;
				CLANG_WARN_BOOL_CONVERSION = YES;
				CLANG_WARN_COMMA = YES;
				CLANG_WARN_CONSTANT_CONVERSION = YES;
				CLANG_WARN_DEPRECATED_OBJC_IMPLEMENTATIONS = YES;
				CLANG_WARN_DIRECT_OBJC_ISA_USAGE = YES_ERROR;
				CLANG_WARN_DOCUMENTATION_COMMENTS = YES;
				CLANG_WARN_EMPTY_BODY = YES;
				CLANG_WARN_ENUM_CONVERSION = YES;
				CLANG_WARN_INFINITE_RECURSION = YES;
				CLANG_WARN_INT_CONVERSION = YES;
				CLANG_WARN_NON_LITERAL_NULL_CONVERSION = YES;
				CLANG_WARN_OBJC_IMPLICIT_RETAIN_SELF = YES;
				CLANG_WARN_OBJC_LITERAL_CONVERSION = YES;
				CLANG_WARN_OBJC_ROOT_CLASS = YES_ERROR;
				CLANG_WARN_RANGE_LOOP_ANALYSIS = YES;
				CLANG_WARN_STRICT_PROTOTYPES = YES;
				CLANG_WARN_SUSPICIOUS_MOVE = YES;
				CLANG_WARN_UNGUARDED_AVAILABILITY = YES_AGGRESSIVE;
				CLANG_WARN_UNREACHABLE_CODE = YES;
				CLANG_WARN__DUPLICATE_METHOD_MATCH = YES;
				CODE_SIGN_IDENTITY = "iPhone Developer";
				COPY_PHASE_STRIP = NO;
				DEBUG_INFORMATION_FORMAT = dwarf;
				ENABLE_STRICT_OBJC_MSGSEND = YES;
				ENABLE_TESTABILITY = YES;
				GCC_C_LANGUAGE_STANDARD = gnu11;
				GCC_DYNAMIC_NO_PIC = NO;
				GCC_NO_COMMON_BLOCKS = YES;
				GCC_OPTIMIZATION_LEVEL = 0;
				GCC_PREPROCESSOR_DEFINITIONS = (
					"DEBUG=1",
					"$(inherited)",
				);
				GCC_WARN_64_TO_32_BIT_CONVERSION = YES;
				GCC_WARN_ABOUT_RETURN_TYPE = YES_ERROR;
				GCC_WARN_UNDECLARED_SELECTOR = YES;
				GCC_WARN_UNINITIALIZED_AUTOS = YES_AGGRESSIVE;
				GCC_WARN_UNUSED_FUNCTION = YES;
				GCC_WARN_UNUSED_VARIABLE = YES;
				IPHONEOS_DEPLOYMENT_TARGET = 12.1;
				MTL_ENABLE_DEBUG_INFO = INCLUDE_SOURCE;
				MTL_FAST_MATH = YES;
				ONLY_ACTIVE_ARCH = YES;
				SDKROOT = iphoneos;
				SWIFT_ACTIVE_COMPILATION_CONDITIONS = DEBUG;
				SWIFT_OPTIMIZATION_LEVEL = "-Onone";
			};
			name = Debug;
		};
		1BF48C7221DBF2AC006D80AD /* Release */ = {
			isa = XCBuildConfiguration;
			buildSettings = {
				ALWAYS_SEARCH_USER_PATHS = NO;
				CLANG_ANALYZER_NONNULL = YES;
				CLANG_ANALYZER_NUMBER_OBJECT_CONVERSION = YES_AGGRESSIVE;
				CLANG_CXX_LANGUAGE_STANDARD = "gnu++14";
				CLANG_CXX_LIBRARY = "libc++";
				CLANG_ENABLE_MODULES = YES;
				CLANG_ENABLE_OBJC_ARC = YES;
				CLANG_ENABLE_OBJC_WEAK = YES;
				CLANG_WARN_BLOCK_CAPTURE_AUTORELEASING = YES;
				CLANG_WARN_BOOL_CONVERSION = YES;
				CLANG_WARN_COMMA = YES;
				CLANG_WARN_CONSTANT_CONVERSION = YES;
				CLANG_WARN_DEPRECATED_OBJC_IMPLEMENTATIONS = YES;
				CLANG_WARN_DIRECT_OBJC_ISA_USAGE = YES_ERROR;
				CLANG_WARN_DOCUMENTATION_COMMENTS = YES;
				CLANG_WARN_EMPTY_BODY = YES;
				CLANG_WARN_ENUM_CONVERSION = YES;
				CLANG_WARN_INFINITE_RECURSION = YES;
				CLANG_WARN_INT_CONVERSION = YES;
				CLANG_WARN_NON_LITERAL_NULL_CONVERSION = YES;
				CLANG_WARN_OBJC_IMPLICIT_RETAIN_SELF = YES;
				CLANG_WARN_OBJC_LITERAL_CONVERSION = YES;
				CLANG_WARN_OBJC_ROOT_CLASS = YES_ERROR;
				CLANG_WARN_RANGE_LOOP_ANALYSIS = YES;
				CLANG_WARN_STRICT_PROTOTYPES = YES;
				CLANG_WARN_SUSPICIOUS_MOVE = YES;
				CLANG_WARN_UNGUARDED_AVAILABILITY = YES_AGGRESSIVE;
				CLANG_WARN_UNREACHABLE_CODE = YES;
				CLANG_WARN__DUPLICATE_METHOD_MATCH = YES;
				CODE_SIGN_IDENTITY = "iPhone Developer";
				COPY_PHASE_STRIP = NO;
				DEBUG_INFORMATION_FORMAT = "dwarf-with-dsym";
				ENABLE_NS_ASSERTIONS = NO;
				ENABLE_STRICT_OBJC_MSGSEND = YES;
				GCC_C_LANGUAGE_STANDARD = gnu11;
				GCC_NO_COMMON_BLOCKS = YES;
				GCC_WARN_64_TO_32_BIT_CONVERSION = YES;
				GCC_WARN_ABOUT_RETURN_TYPE = YES_ERROR;
				GCC_WARN_UNDECLARED_SELECTOR = YES;
				GCC_WARN_UNINITIALIZED_AUTOS = YES_AGGRESSIVE;
				GCC_WARN_UNUSED_FUNCTION = YES;
				GCC_WARN_UNUSED_VARIABLE = YES;
				IPHONEOS_DEPLOYMENT_TARGET = 12.1;
				MTL_ENABLE_DEBUG_INFO = NO;
				MTL_FAST_MATH = YES;
				SDKROOT = iphoneos;
				SWIFT_COMPILATION_MODE = wholemodule;
				SWIFT_OPTIMIZATION_LEVEL = "-O";
				VALIDATE_PRODUCT = YES;
			};
			name = Release;
		};
		1BF48C7421DBF2AC006D80AD /* Debug */ = {
			isa = XCBuildConfiguration;
			buildSettings = {
				ASSETCATALOG_COMPILER_APPICON_NAME = AppIcon;
				CODE_SIGN_ENTITLEMENTS = Continuum/Resources/Continuum.entitlements;
				CODE_SIGN_STYLE = Automatic;
				DEVELOPMENT_TEAM = 56CLV9J785;
				INFOPLIST_FILE = "$(SRCROOT)/Continuum/Resources/Info.plist";
				LD_RUNPATH_SEARCH_PATHS = (
					"$(inherited)",
					"@executable_path/Frameworks",
				);
				PRODUCT_BUNDLE_IDENTIFIER = com.stevelederer.Continuum;
				PRODUCT_NAME = "$(TARGET_NAME)";
				SWIFT_VERSION = 4.2;
				TARGETED_DEVICE_FAMILY = "1,2";
			};
			name = Debug;
		};
		1BF48C7521DBF2AC006D80AD /* Release */ = {
			isa = XCBuildConfiguration;
			buildSettings = {
				ASSETCATALOG_COMPILER_APPICON_NAME = AppIcon;
				CODE_SIGN_ENTITLEMENTS = Continuum/Resources/Continuum.entitlements;
				CODE_SIGN_STYLE = Automatic;
				DEVELOPMENT_TEAM = 56CLV9J785;
				INFOPLIST_FILE = "$(SRCROOT)/Continuum/Resources/Info.plist";
				LD_RUNPATH_SEARCH_PATHS = (
					"$(inherited)",
					"@executable_path/Frameworks",
				);
				PRODUCT_BUNDLE_IDENTIFIER = com.stevelederer.Continuum;
				PRODUCT_NAME = "$(TARGET_NAME)";
				SWIFT_VERSION = 4.2;
				TARGETED_DEVICE_FAMILY = "1,2";
			};
			name = Release;
		};
/* End XCBuildConfiguration section */

/* Begin XCConfigurationList section */
		1BF48C5C21DBF2AB006D80AD /* Build configuration list for PBXProject "Continuum" */ = {
			isa = XCConfigurationList;
			buildConfigurations = (
				1BF48C7121DBF2AC006D80AD /* Debug */,
				1BF48C7221DBF2AC006D80AD /* Release */,
			);
			defaultConfigurationIsVisible = 0;
			defaultConfigurationName = Release;
		};
		1BF48C7321DBF2AC006D80AD /* Build configuration list for PBXNativeTarget "Continuum" */ = {
			isa = XCConfigurationList;
			buildConfigurations = (
				1BF48C7421DBF2AC006D80AD /* Debug */,
				1BF48C7521DBF2AC006D80AD /* Release */,
			);
			defaultConfigurationIsVisible = 0;
			defaultConfigurationName = Release;
		};
/* End XCConfigurationList section */
	};
	rootObject = 1BF48C5921DBF2AB006D80AD /* Project object */;
}
